// !$*UTF8*$!
{
	archiveVersion = 1;
	classes = {
	};
	objectVersion = 56;
	objects = {

/* Begin PBXBuildFile section */
		EDB77717298CDB110053B53C /* AppDelegate.swift in Sources */ = {isa = PBXBuildFile; fileRef = EDB77716298CDB110053B53C /* AppDelegate.swift */; };
		EDB77719298CDB110053B53C /* SceneDelegate.swift in Sources */ = {isa = PBXBuildFile; fileRef = EDB77718298CDB110053B53C /* SceneDelegate.swift */; };
		EDB7771B298CDB110053B53C /* ViewController.swift in Sources */ = {isa = PBXBuildFile; fileRef = EDB7771A298CDB110053B53C /* ViewController.swift */; };
		EDB7771E298CDB120053B53C /* Main.storyboard in Resources */ = {isa = PBXBuildFile; fileRef = EDB7771C298CDB110053B53C /* Main.storyboard */; };
		EDB77720298CDB120053B53C /* Assets.xcassets in Resources */ = {isa = PBXBuildFile; fileRef = EDB7771F298CDB120053B53C /* Assets.xcassets */; };
		EDB77723298CDB120053B53C /* LaunchScreen.storyboard in Resources */ = {isa = PBXBuildFile; fileRef = EDB77721298CDB120053B53C /* LaunchScreen.storyboard */; };
		EDB7772E298CDB120053B53C /* CombineTutorial_exampleTests.swift in Sources */ = {isa = PBXBuildFile; fileRef = EDB7772D298CDB120053B53C /* CombineTutorial_exampleTests.swift */; };
		EDB77738298CDB120053B53C /* CombineTutorial_exampleUITests.swift in Sources */ = {isa = PBXBuildFile; fileRef = EDB77737298CDB120053B53C /* CombineTutorial_exampleUITests.swift */; };
		EDB7773A298CDB120053B53C /* CombineTutorial_exampleUITestsLaunchTests.swift in Sources */ = {isa = PBXBuildFile; fileRef = EDB77739298CDB120053B53C /* CombineTutorial_exampleUITestsLaunchTests.swift */; };
/* End PBXBuildFile section */

/* Begin PBXContainerItemProxy section */
		EDB7772A298CDB120053B53C /* PBXContainerItemProxy */ = {
			isa = PBXContainerItemProxy;
			containerPortal = EDB7770B298CDB110053B53C /* Project object */;
			proxyType = 1;
			remoteGlobalIDString = EDB77712298CDB110053B53C;
			remoteInfo = "CombineTutorial-example";
		};
		EDB77734298CDB120053B53C /* PBXContainerItemProxy */ = {
			isa = PBXContainerItemProxy;
			containerPortal = EDB7770B298CDB110053B53C /* Project object */;
			proxyType = 1;
			remoteGlobalIDString = EDB77712298CDB110053B53C;
			remoteInfo = "CombineTutorial-example";
		};
/* End PBXContainerItemProxy section */

/* Begin PBXFileReference section */
		EDB77713298CDB110053B53C /* CombineTutorial-example.app */ = {isa = PBXFileReference; explicitFileType = wrapper.application; includeInIndex = 0; path = "CombineTutorial-example.app"; sourceTree = BUILT_PRODUCTS_DIR; };
		EDB77716298CDB110053B53C /* AppDelegate.swift */ = {isa = PBXFileReference; lastKnownFileType = sourcecode.swift; path = AppDelegate.swift; sourceTree = "<group>"; };
		EDB77718298CDB110053B53C /* SceneDelegate.swift */ = {isa = PBXFileReference; lastKnownFileType = sourcecode.swift; path = SceneDelegate.swift; sourceTree = "<group>"; };
		EDB7771A298CDB110053B53C /* ViewController.swift */ = {isa = PBXFileReference; lastKnownFileType = sourcecode.swift; path = ViewController.swift; sourceTree = "<group>"; };
		EDB7771D298CDB110053B53C /* Base */ = {isa = PBXFileReference; lastKnownFileType = file.storyboard; name = Base; path = Base.lproj/Main.storyboard; sourceTree = "<group>"; };
		EDB7771F298CDB120053B53C /* Assets.xcassets */ = {isa = PBXFileReference; lastKnownFileType = folder.assetcatalog; path = Assets.xcassets; sourceTree = "<group>"; };
		EDB77722298CDB120053B53C /* Base */ = {isa = PBXFileReference; lastKnownFileType = file.storyboard; name = Base; path = Base.lproj/LaunchScreen.storyboard; sourceTree = "<group>"; };
		EDB77724298CDB120053B53C /* Info.plist */ = {isa = PBXFileReference; lastKnownFileType = text.plist.xml; path = Info.plist; sourceTree = "<group>"; };
		EDB77729298CDB120053B53C /* CombineTutorial-exampleTests.xctest */ = {isa = PBXFileReference; explicitFileType = wrapper.cfbundle; includeInIndex = 0; path = "CombineTutorial-exampleTests.xctest"; sourceTree = BUILT_PRODUCTS_DIR; };
		EDB7772D298CDB120053B53C /* CombineTutorial_exampleTests.swift */ = {isa = PBXFileReference; lastKnownFileType = sourcecode.swift; path = CombineTutorial_exampleTests.swift; sourceTree = "<group>"; };
		EDB77733298CDB120053B53C /* CombineTutorial-exampleUITests.xctest */ = {isa = PBXFileReference; explicitFileType = wrapper.cfbundle; includeInIndex = 0; path = "CombineTutorial-exampleUITests.xctest"; sourceTree = BUILT_PRODUCTS_DIR; };
		EDB77737298CDB120053B53C /* CombineTutorial_exampleUITests.swift */ = {isa = PBXFileReference; lastKnownFileType = sourcecode.swift; path = CombineTutorial_exampleUITests.swift; sourceTree = "<group>"; };
		EDB77739298CDB120053B53C /* CombineTutorial_exampleUITestsLaunchTests.swift */ = {isa = PBXFileReference; lastKnownFileType = sourcecode.swift; path = CombineTutorial_exampleUITestsLaunchTests.swift; sourceTree = "<group>"; };
/* End PBXFileReference section */

/* Begin PBXFrameworksBuildPhase section */
		EDB77710298CDB110053B53C /* Frameworks */ = {
			isa = PBXFrameworksBuildPhase;
			buildActionMask = 2147483647;
			files = (
			);
			runOnlyForDeploymentPostprocessing = 0;
		};
		EDB77726298CDB120053B53C /* Frameworks */ = {
			isa = PBXFrameworksBuildPhase;
			buildActionMask = 2147483647;
			files = (
			);
			runOnlyForDeploymentPostprocessing = 0;
		};
		EDB77730298CDB120053B53C /* Frameworks */ = {
			isa = PBXFrameworksBuildPhase;
			buildActionMask = 2147483647;
			files = (
			);
			runOnlyForDeploymentPostprocessing = 0;
		};
/* End PBXFrameworksBuildPhase section */

/* Begin PBXGroup section */
		EDB7770A298CDB110053B53C = {
			isa = PBXGroup;
			children = (
				EDB77715298CDB110053B53C /* CombineTutorial-example */,
				EDB7772C298CDB120053B53C /* CombineTutorial-exampleTests */,
				EDB77736298CDB120053B53C /* CombineTutorial-exampleUITests */,
				EDB77714298CDB110053B53C /* Products */,
			);
			sourceTree = "<group>";
		};
		EDB77714298CDB110053B53C /* Products */ = {
			isa = PBXGroup;
			children = (
				EDB77713298CDB110053B53C /* CombineTutorial-example.app */,
				EDB77729298CDB120053B53C /* CombineTutorial-exampleTests.xctest */,
				EDB77733298CDB120053B53C /* CombineTutorial-exampleUITests.xctest */,
			);
			name = Products;
			sourceTree = "<group>";
		};
		EDB77715298CDB110053B53C /* CombineTutorial-example */ = {
			isa = PBXGroup;
			children = (
				EDB77716298CDB110053B53C /* AppDelegate.swift */,
				EDB77718298CDB110053B53C /* SceneDelegate.swift */,
				EDB7771A298CDB110053B53C /* ViewController.swift */,
				EDB7771C298CDB110053B53C /* Main.storyboard */,
				EDB7771F298CDB120053B53C /* Assets.xcassets */,
				EDB77721298CDB120053B53C /* LaunchScreen.storyboard */,
				EDB77724298CDB120053B53C /* Info.plist */,
			);
			path = "CombineTutorial-example";
			sourceTree = "<group>";
		};
		EDB7772C298CDB120053B53C /* CombineTutorial-exampleTests */ = {
			isa = PBXGroup;
			children = (
				EDB7772D298CDB120053B53C /* CombineTutorial_exampleTests.swift */,
			);
			path = "CombineTutorial-exampleTests";
			sourceTree = "<group>";
		};
		EDB77736298CDB120053B53C /* CombineTutorial-exampleUITests */ = {
			isa = PBXGroup;
			children = (
				EDB77737298CDB120053B53C /* CombineTutorial_exampleUITests.swift */,
				EDB77739298CDB120053B53C /* CombineTutorial_exampleUITestsLaunchTests.swift */,
			);
			path = "CombineTutorial-exampleUITests";
			sourceTree = "<group>";
		};
/* End PBXGroup section */

/* Begin PBXNativeTarget section */
		EDB77712298CDB110053B53C /* CombineTutorial-example */ = {
			isa = PBXNativeTarget;
			buildConfigurationList = EDB7773D298CDB120053B53C /* Build configuration list for PBXNativeTarget "CombineTutorial-example" */;
			buildPhases = (
				EDB7770F298CDB110053B53C /* Sources */,
				EDB77710298CDB110053B53C /* Frameworks */,
				EDB77711298CDB110053B53C /* Resources */,
			);
			buildRules = (
			);
			dependencies = (
			);
			name = "CombineTutorial-example";
			productName = "CombineTutorial-example";
			productReference = EDB77713298CDB110053B53C /* CombineTutorial-example.app */;
			productType = "com.apple.product-type.application";
		};
		EDB77728298CDB120053B53C /* CombineTutorial-exampleTests */ = {
			isa = PBXNativeTarget;
			buildConfigurationList = EDB77740298CDB120053B53C /* Build configuration list for PBXNativeTarget "CombineTutorial-exampleTests" */;
			buildPhases = (
				EDB77725298CDB120053B53C /* Sources */,
				EDB77726298CDB120053B53C /* Frameworks */,
				EDB77727298CDB120053B53C /* Resources */,
			);
			buildRules = (
			);
			dependencies = (
				EDB7772B298CDB120053B53C /* PBXTargetDependency */,
			);
			name = "CombineTutorial-exampleTests";
			productName = "CombineTutorial-exampleTests";
			productReference = EDB77729298CDB120053B53C /* CombineTutorial-exampleTests.xctest */;
			productType = "com.apple.product-type.bundle.unit-test";
		};
		EDB77732298CDB120053B53C /* CombineTutorial-exampleUITests */ = {
			isa = PBXNativeTarget;
			buildConfigurationList = EDB77743298CDB120053B53C /* Build configuration list for PBXNativeTarget "CombineTutorial-exampleUITests" */;
			buildPhases = (
				EDB7772F298CDB120053B53C /* Sources */,
				EDB77730298CDB120053B53C /* Frameworks */,
				EDB77731298CDB120053B53C /* Resources */,
			);
			buildRules = (
			);
			dependencies = (
				EDB77735298CDB120053B53C /* PBXTargetDependency */,
			);
			name = "CombineTutorial-exampleUITests";
			productName = "CombineTutorial-exampleUITests";
			productReference = EDB77733298CDB120053B53C /* CombineTutorial-exampleUITests.xctest */;
			productType = "com.apple.product-type.bundle.ui-testing";
		};
/* End PBXNativeTarget section */

/* Begin PBXProject section */
		EDB7770B298CDB110053B53C /* Project object */ = {
			isa = PBXProject;
			attributes = {
				BuildIndependentTargetsInParallel = 1;
				LastSwiftUpdateCheck = 1420;
				LastUpgradeCheck = 1420;
				TargetAttributes = {
					EDB77712298CDB110053B53C = {
						CreatedOnToolsVersion = 14.2;
					};
					EDB77728298CDB120053B53C = {
						CreatedOnToolsVersion = 14.2;
						TestTargetID = EDB77712298CDB110053B53C;
					};
					EDB77732298CDB120053B53C = {
						CreatedOnToolsVersion = 14.2;
						TestTargetID = EDB77712298CDB110053B53C;
					};
				};
			};
			buildConfigurationList = EDB7770E298CDB110053B53C /* Build configuration list for PBXProject "CombineTutorial-example" */;
			compatibilityVersion = "Xcode 14.0";
			developmentRegion = en;
			hasScannedForEncodings = 0;
			knownRegions = (
				en,
				Base,
			);
			mainGroup = EDB7770A298CDB110053B53C;
			productRefGroup = EDB77714298CDB110053B53C /* Products */;
			projectDirPath = "";
			projectRoot = "";
			targets = (
				EDB77712298CDB110053B53C /* CombineTutorial-example */,
				EDB77728298CDB120053B53C /* CombineTutorial-exampleTests */,
				EDB77732298CDB120053B53C /* CombineTutorial-exampleUITests */,
			);
		};
/* End PBXProject section */

/* Begin PBXResourcesBuildPhase section */
		EDB77711298CDB110053B53C /* Resources */ = {
			isa = PBXResourcesBuildPhase;
			buildActionMask = 2147483647;
			files = (
				EDB77723298CDB120053B53C /* LaunchScreen.storyboard in Resources */,
				EDB77720298CDB120053B53C /* Assets.xcassets in Resources */,
				EDB7771E298CDB120053B53C /* Main.storyboard in Resources */,
			);
			runOnlyForDeploymentPostprocessing = 0;
		};
		EDB77727298CDB120053B53C /* Resources */ = {
			isa = PBXResourcesBuildPhase;
			buildActionMask = 2147483647;
			files = (
			);
			runOnlyForDeploymentPostprocessing = 0;
		};
		EDB77731298CDB120053B53C /* Resources */ = {
			isa = PBXResourcesBuildPhase;
			buildActionMask = 2147483647;
			files = (
			);
			runOnlyForDeploymentPostprocessing = 0;
		};
/* End PBXResourcesBuildPhase section */

/* Begin PBXSourcesBuildPhase section */
		EDB7770F298CDB110053B53C /* Sources */ = {
			isa = PBXSourcesBuildPhase;
			buildActionMask = 2147483647;
			files = (
				EDB7771B298CDB110053B53C /* ViewController.swift in Sources */,
				EDB77717298CDB110053B53C /* AppDelegate.swift in Sources */,
				EDB77719298CDB110053B53C /* SceneDelegate.swift in Sources */,
			);
			runOnlyForDeploymentPostprocessing = 0;
		};
		EDB77725298CDB120053B53C /* Sources */ = {
			isa = PBXSourcesBuildPhase;
			buildActionMask = 2147483647;
			files = (
				EDB7772E298CDB120053B53C /* CombineTutorial_exampleTests.swift in Sources */,
			);
			runOnlyForDeploymentPostprocessing = 0;
		};
		EDB7772F298CDB120053B53C /* Sources */ = {
			isa = PBXSourcesBuildPhase;
			buildActionMask = 2147483647;
			files = (
				EDB77738298CDB120053B53C /* CombineTutorial_exampleUITests.swift in Sources */,
				EDB7773A298CDB120053B53C /* CombineTutorial_exampleUITestsLaunchTests.swift in Sources */,
			);
			runOnlyForDeploymentPostprocessing = 0;
		};
/* End PBXSourcesBuildPhase section */

/* Begin PBXTargetDependency section */
		EDB7772B298CDB120053B53C /* PBXTargetDependency */ = {
			isa = PBXTargetDependency;
			target = EDB77712298CDB110053B53C /* CombineTutorial-example */;
			targetProxy = EDB7772A298CDB120053B53C /* PBXContainerItemProxy */;
		};
		EDB77735298CDB120053B53C /* PBXTargetDependency */ = {
			isa = PBXTargetDependency;
			target = EDB77712298CDB110053B53C /* CombineTutorial-example */;
			targetProxy = EDB77734298CDB120053B53C /* PBXContainerItemProxy */;
		};
/* End PBXTargetDependency section */

/* Begin PBXVariantGroup section */
		EDB7771C298CDB110053B53C /* Main.storyboard */ = {
			isa = PBXVariantGroup;
			children = (
				EDB7771D298CDB110053B53C /* Base */,
			);
			name = Main.storyboard;
			sourceTree = "<group>";
		};
		EDB77721298CDB120053B53C /* LaunchScreen.storyboard */ = {
			isa = PBXVariantGroup;
			children = (
				EDB77722298CDB120053B53C /* Base */,
			);
			name = LaunchScreen.storyboard;
			sourceTree = "<group>";
		};
/* End PBXVariantGroup section */

/* Begin XCBuildConfiguration section */
		EDB7773B298CDB120053B53C /* Debug */ = {
			isa = XCBuildConfiguration;
			buildSettings = {
				ALWAYS_SEARCH_USER_PATHS = NO;
				CLANG_ANALYZER_NONNULL = YES;
				CLANG_ANALYZER_NUMBER_OBJECT_CONVERSION = YES_AGGRESSIVE;
				CLANG_CXX_LANGUAGE_STANDARD = "gnu++20";
				CLANG_ENABLE_MODULES = YES;
				CLANG_ENABLE_OBJC_ARC = YES;
				CLANG_ENABLE_OBJC_WEAK = YES;
				CLANG_WARN_BLOCK_CAPTURE_AUTORELEASING = YES;
				CLANG_WARN_BOOL_CONVERSION = YES;
				CLANG_WARN_COMMA = YES;
				CLANG_WARN_CONSTANT_CONVERSION = YES;
				CLANG_WARN_DEPRECATED_OBJC_IMPLEMENTATIONS = YES;
				CLANG_WARN_DIRECT_OBJC_ISA_USAGE = YES_ERROR;
				CLANG_WARN_DOCUMENTATION_COMMENTS = YES;
				CLANG_WARN_EMPTY_BODY = YES;
				CLANG_WARN_ENUM_CONVERSION = YES;
				CLANG_WARN_INFINITE_RECURSION = YES;
				CLANG_WARN_INT_CONVERSION = YES;
				CLANG_WARN_NON_LITERAL_NULL_CONVERSION = YES;
				CLANG_WARN_OBJC_IMPLICIT_RETAIN_SELF = YES;
				CLANG_WARN_OBJC_LITERAL_CONVERSION = YES;
				CLANG_WARN_OBJC_ROOT_CLASS = YES_ERROR;
				CLANG_WARN_QUOTED_INCLUDE_IN_FRAMEWORK_HEADER = YES;
				CLANG_WARN_RANGE_LOOP_ANALYSIS = YES;
				CLANG_WARN_STRICT_PROTOTYPES = YES;
				CLANG_WARN_SUSPICIOUS_MOVE = YES;
				CLANG_WARN_UNGUARDED_AVAILABILITY = YES_AGGRESSIVE;
				CLANG_WARN_UNREACHABLE_CODE = YES;
				CLANG_WARN__DUPLICATE_METHOD_MATCH = YES;
				COPY_PHASE_STRIP = NO;
				DEBUG_INFORMATION_FORMAT = dwarf;
				ENABLE_STRICT_OBJC_MSGSEND = YES;
				ENABLE_TESTABILITY = YES;
				GCC_C_LANGUAGE_STANDARD = gnu11;
				GCC_DYNAMIC_NO_PIC = NO;
				GCC_NO_COMMON_BLOCKS = YES;
				GCC_OPTIMIZATION_LEVEL = 0;
				GCC_PREPROCESSOR_DEFINITIONS = (
					"DEBUG=1",
					"$(inherited)",
				);
				GCC_WARN_64_TO_32_BIT_CONVERSION = YES;
				GCC_WARN_ABOUT_RETURN_TYPE = YES_ERROR;
				GCC_WARN_UNDECLARED_SELECTOR = YES;
				GCC_WARN_UNINITIALIZED_AUTOS = YES_AGGRESSIVE;
				GCC_WARN_UNUSED_FUNCTION = YES;
				GCC_WARN_UNUSED_VARIABLE = YES;
				IPHONEOS_DEPLOYMENT_TARGET = 16.2;
				MTL_ENABLE_DEBUG_INFO = INCLUDE_SOURCE;
				MTL_FAST_MATH = YES;
				ONLY_ACTIVE_ARCH = YES;
				SDKROOT = iphoneos;
				SWIFT_ACTIVE_COMPILATION_CONDITIONS = DEBUG;
				SWIFT_OPTIMIZATION_LEVEL = "-Onone";
			};
			name = Debug;
		};
		EDB7773C298CDB120053B53C /* Release */ = {
			isa = XCBuildConfiguration;
			buildSettings = {
				ALWAYS_SEARCH_USER_PATHS = NO;
				CLANG_ANALYZER_NONNULL = YES;
				CLANG_ANALYZER_NUMBER_OBJECT_CONVERSION = YES_AGGRESSIVE;
				CLANG_CXX_LANGUAGE_STANDARD = "gnu++20";
				CLANG_ENABLE_MODULES = YES;
				CLANG_ENABLE_OBJC_ARC = YES;
				CLANG_ENABLE_OBJC_WEAK = YES;
				CLANG_WARN_BLOCK_CAPTURE_AUTORELEASING = YES;
				CLANG_WARN_BOOL_CONVERSION = YES;
				CLANG_WARN_COMMA = YES;
				CLANG_WARN_CONSTANT_CONVERSION = YES;
				CLANG_WARN_DEPRECATED_OBJC_IMPLEMENTATIONS = YES;
				CLANG_WARN_DIRECT_OBJC_ISA_USAGE = YES_ERROR;
				CLANG_WARN_DOCUMENTATION_COMMENTS = YES;
				CLANG_WARN_EMPTY_BODY = YES;
				CLANG_WARN_ENUM_CONVERSION = YES;
				CLANG_WARN_INFINITE_RECURSION = YES;
				CLANG_WARN_INT_CONVERSION = YES;
				CLANG_WARN_NON_LITERAL_NULL_CONVERSION = YES;
				CLANG_WARN_OBJC_IMPLICIT_RETAIN_SELF = YES;
				CLANG_WARN_OBJC_LITERAL_CONVERSION = YES;
				CLANG_WARN_OBJC_ROOT_CLASS = YES_ERROR;
				CLANG_WARN_QUOTED_INCLUDE_IN_FRAMEWORK_HEADER = YES;
				CLANG_WARN_RANGE_LOOP_ANALYSIS = YES;
				CLANG_WARN_STRICT_PROTOTYPES = YES;
				CLANG_WARN_SUSPICIOUS_MOVE = YES;
				CLANG_WARN_UNGUARDED_AVAILABILITY = YES_AGGRESSIVE;
				CLANG_WARN_UNREACHABLE_CODE = YES;
				CLANG_WARN__DUPLICATE_METHOD_MATCH = YES;
				COPY_PHASE_STRIP = NO;
				DEBUG_INFORMATION_FORMAT = "dwarf-with-dsym";
				ENABLE_NS_ASSERTIONS = NO;
				ENABLE_STRICT_OBJC_MSGSEND = YES;
				GCC_C_LANGUAGE_STANDARD = gnu11;
				GCC_NO_COMMON_BLOCKS = YES;
				GCC_WARN_64_TO_32_BIT_CONVERSION = YES;
				GCC_WARN_ABOUT_RETURN_TYPE = YES_ERROR;
				GCC_WARN_UNDECLARED_SELECTOR = YES;
				GCC_WARN_UNINITIALIZED_AUTOS = YES_AGGRESSIVE;
				GCC_WARN_UNUSED_FUNCTION = YES;
				GCC_WARN_UNUSED_VARIABLE = YES;
				IPHONEOS_DEPLOYMENT_TARGET = 16.2;
				MTL_ENABLE_DEBUG_INFO = NO;
				MTL_FAST_MATH = YES;
				SDKROOT = iphoneos;
				SWIFT_COMPILATION_MODE = wholemodule;
				SWIFT_OPTIMIZATION_LEVEL = "-O";
				VALIDATE_PRODUCT = YES;
			};
			name = Release;
		};
		EDB7773E298CDB120053B53C /* Debug */ = {
			isa = XCBuildConfiguration;
			buildSettings = {
				ASSETCATALOG_COMPILER_APPICON_NAME = AppIcon;
				ASSETCATALOG_COMPILER_GLOBAL_ACCENT_COLOR_NAME = AccentColor;
				CODE_SIGN_STYLE = Automatic;
				CURRENT_PROJECT_VERSION = 1;
				DEVELOPMENT_TEAM = 82J7RU93V4;
				GENERATE_INFOPLIST_FILE = YES;
				INFOPLIST_FILE = "CombineTutorial-example/Info.plist";
				INFOPLIST_KEY_UIApplicationSupportsIndirectInputEvents = YES;
				INFOPLIST_KEY_UILaunchStoryboardName = LaunchScreen;
				INFOPLIST_KEY_UIMainStoryboardFile = Main;
				INFOPLIST_KEY_UISupportedInterfaceOrientations_iPad = "UIInterfaceOrientationPortrait UIInterfaceOrientationPortraitUpsideDown UIInterfaceOrientationLandscapeLeft UIInterfaceOrientationLandscapeRight";
				INFOPLIST_KEY_UISupportedInterfaceOrientations_iPhone = "UIInterfaceOrientationPortrait UIInterfaceOrientationLandscapeLeft UIInterfaceOrientationLandscapeRight";
				LD_RUNPATH_SEARCH_PATHS = (
					"$(inherited)",
					"@executable_path/Frameworks",
				);
				MARKETING_VERSION = 1.0;
				PRODUCT_BUNDLE_IDENTIFIER = "com.JongHoon.CombineTutorial-example";
				PRODUCT_NAME = "$(TARGET_NAME)";
				SWIFT_EMIT_LOC_STRINGS = YES;
				SWIFT_VERSION = 5.0;
				TARGETED_DEVICE_FAMILY = "1,2";
			};
			name = Debug;
		};
		EDB7773F298CDB120053B53C /* Release */ = {
			isa = XCBuildConfiguration;
			buildSettings = {
				ASSETCATALOG_COMPILER_APPICON_NAME = AppIcon;
				ASSETCATALOG_COMPILER_GLOBAL_ACCENT_COLOR_NAME = AccentColor;
				CODE_SIGN_STYLE = Automatic;
				CURRENT_PROJECT_VERSION = 1;
				DEVELOPMENT_TEAM = 82J7RU93V4;
				GENERATE_INFOPLIST_FILE = YES;
				INFOPLIST_FILE = "CombineTutorial-example/Info.plist";
				INFOPLIST_KEY_UIApplicationSupportsIndirectInputEvents = YES;
				INFOPLIST_KEY_UILaunchStoryboardName = LaunchScreen;
				INFOPLIST_KEY_UIMainStoryboardFile = Main;
				INFOPLIST_KEY_UISupportedInterfaceOrientations_iPad = "UIInterfaceOrientationPortrait UIInterfaceOrientationPortraitUpsideDown UIInterfaceOrientationLandscapeLeft UIInterfaceOrientationLandscapeRight";
				INFOPLIST_KEY_UISupportedInterfaceOrientations_iPhone = "UIInterfaceOrientationPortrait UIInterfaceOrientationLandscapeLeft UIInterfaceOrientationLandscapeRight";
				LD_RUNPATH_SEARCH_PATHS = (
					"$(inherited)",
					"@executable_path/Frameworks",
				);
				MARKETING_VERSION = 1.0;
				PRODUCT_BUNDLE_IDENTIFIER = "com.JongHoon.CombineTutorial-example";
				PRODUCT_NAME = "$(TARGET_NAME)";
				SWIFT_EMIT_LOC_STRINGS = YES;
				SWIFT_VERSION = 5.0;
				TARGETED_DEVICE_FAMILY = "1,2";
			};
			name = Release;
		};
		EDB77741298CDB120053B53C /* Debug */ = {
			isa = XCBuildConfiguration;
			buildSettings = {
				ALWAYS_EMBED_SWIFT_STANDARD_LIBRARIES = YES;
				BUNDLE_LOADER = "$(TEST_HOST)";
				CODE_SIGN_STYLE = Automatic;
				CURRENT_PROJECT_VERSION = 1;
				DEVELOPMENT_TEAM = 82J7RU93V4;
				GENERATE_INFOPLIST_FILE = YES;
				IPHONEOS_DEPLOYMENT_TARGET = 16.2;
				MARKETING_VERSION = 1.0;
				PRODUCT_BUNDLE_IDENTIFIER = "com.JongHoon.CombineTutorial-exampleTests";
				PRODUCT_NAME = "$(TARGET_NAME)";
				SWIFT_EMIT_LOC_STRINGS = NO;
				SWIFT_VERSION = 5.0;
				TARGETED_DEVICE_FAMILY = "1,2";
				TEST_HOST = "$(BUILT_PRODUCTS_DIR)/CombineTutorial-example.app/$(BUNDLE_EXECUTABLE_FOLDER_PATH)/CombineTutorial-example";
			};
			name = Debug;
		};
		EDB77742298CDB120053B53C /* Release */ = {
			isa = XCBuildConfiguration;
			buildSettings = {
				ALWAYS_EMBED_SWIFT_STANDARD_LIBRARIES = YES;
				BUNDLE_LOADER = "$(TEST_HOST)";
				CODE_SIGN_STYLE = Automatic;
				CURRENT_PROJECT_VERSION = 1;
				DEVELOPMENT_TEAM = 82J7RU93V4;
				GENERATE_INFOPLIST_FILE = YES;
				IPHONEOS_DEPLOYMENT_TARGET = 16.2;
				MARKETING_VERSION = 1.0;
				PRODUCT_BUNDLE_IDENTIFIER = "com.JongHoon.CombineTutorial-exampleTests";
				PRODUCT_NAME = "$(TARGET_NAME)";
				SWIFT_EMIT_LOC_STRINGS = NO;
				SWIFT_VERSION = 5.0;
				TARGETED_DEVICE_FAMILY = "1,2";
				TEST_HOST = "$(BUILT_PRODUCTS_DIR)/CombineTutorial-example.app/$(BUNDLE_EXECUTABLE_FOLDER_PATH)/CombineTutorial-example";
			};
			name = Release;
		};
		EDB77744298CDB120053B53C /* Debug */ = {
			isa = XCBuildConfiguration;
			buildSettings = {
				ALWAYS_EMBED_SWIFT_STANDARD_LIBRARIES = YES;
				CODE_SIGN_STYLE = Automatic;
				CURRENT_PROJECT_VERSION = 1;
				DEVELOPMENT_TEAM = 82J7RU93V4;
				GENERATE_INFOPLIST_FILE = YES;
				MARKETING_VERSION = 1.0;
				PRODUCT_BUNDLE_IDENTIFIER = "com.JongHoon.CombineTutorial-exampleUITests";
				PRODUCT_NAME = "$(TARGET_NAME)";
				SWIFT_EMIT_LOC_STRINGS = NO;
				SWIFT_VERSION = 5.0;
				TARGETED_DEVICE_FAMILY = "1,2";
				TEST_TARGET_NAME = "CombineTutorial-example";
			};
			name = Debug;
		};
		EDB77745298CDB120053B53C /* Release */ = {
			isa = XCBuildConfiguration;
			buildSettings = {
				ALWAYS_EMBED_SWIFT_STANDARD_LIBRARIES = YES;
				CODE_SIGN_STYLE = Automatic;
				CURRENT_PROJECT_VERSION = 1;
				DEVELOPMENT_TEAM = 82J7RU93V4;
				GENERATE_INFOPLIST_FILE = YES;
				MARKETING_VERSION = 1.0;
				PRODUCT_BUNDLE_IDENTIFIER = "com.JongHoon.CombineTutorial-exampleUITests";
				PRODUCT_NAME = "$(TARGET_NAME)";
				SWIFT_EMIT_LOC_STRINGS = NO;
				SWIFT_VERSION = 5.0;
				TARGETED_DEVICE_FAMILY = "1,2";
				TEST_TARGET_NAME = "CombineTutorial-example";
			};
			name = Release;
		};
/* End XCBuildConfiguration section */

/* Begin XCConfigurationList section */
		EDB7770E298CDB110053B53C /* Build configuration list for PBXProject "CombineTutorial-example" */ = {
			isa = XCConfigurationList;
			buildConfigurations = (
				EDB7773B298CDB120053B53C /* Debug */,
				EDB7773C298CDB120053B53C /* Release */,
			);
			defaultConfigurationIsVisible = 0;
			defaultConfigurationName = Release;
		};
		EDB7773D298CDB120053B53C /* Build configuration list for PBXNativeTarget "CombineTutorial-example" */ = {
			isa = XCConfigurationList;
			buildConfigurations = (
				EDB7773E298CDB120053B53C /* Debug */,
				EDB7773F298CDB120053B53C /* Release */,
			);
			defaultConfigurationIsVisible = 0;
			defaultConfigurationName = Release;
		};
		EDB77740298CDB120053B53C /* Build configuration list for PBXNativeTarget "CombineTutorial-exampleTests" */ = {
			isa = XCConfigurationList;
			buildConfigurations = (
				EDB77741298CDB120053B53C /* Debug */,
				EDB77742298CDB120053B53C /* Release */,
			);
			defaultConfigurationIsVisible = 0;
			defaultConfigurationName = Release;
		};
		EDB77743298CDB120053B53C /* Build configuration list for PBXNativeTarget "CombineTutorial-exampleUITests" */ = {
			isa = XCConfigurationList;
			buildConfigurations = (
				EDB77744298CDB120053B53C /* Debug */,
				EDB77745298CDB120053B53C /* Release */,
			);
			defaultConfigurationIsVisible = 0;
			defaultConfigurationName = Release;
		};
/* End XCConfigurationList section */
	};
	rootObject = EDB7770B298CDB110053B53C /* Project object */;
}
